
Microsoft Visual Studio Solution File, Format Version 12.00
# Visual Studio 2013
VisualStudioVersion = 12.0.30723.0
MinimumVisualStudioVersion = 10.0.40219.1
Project("{FAE04EC0-301F-11D3-BF4B-00C04F79EFBC}") = "01. ImplementingPriorityQueue", "ImplementingPriorityQueue\01. ImplementingPriorityQueue.csproj", "{5D725427-2CE0-4B64-B9ED-79154CFEAAE5}"
EndProject
Project("{FAE04EC0-301F-11D3-BF4B-00C04F79EFBC}") = "02. LargeCollection", "LargeCollection\02. LargeCollection.csproj", "{C4C7C753-B771-499D-A766-37E5C896E6F9}"
EndProject
Project("{FAE04EC0-301F-11D3-BF4B-00C04F79EFBC}") = "03. CountWordsInText", "CountWordsInText\03. CountWordsInText.csproj", "{2AF7F857-DFC9-4E4A-B14E-BFDC37844C1C}"
EndProject
Global
	GlobalSection(SolutionConfigurationPlatforms) = preSolution
		Debug|Any CPU = Debug|Any CPU
		Release|Any CPU = Release|Any CPU
	EndGlobalSection
	GlobalSection(ProjectConfigurationPlatforms) = postSolution
		{5D725427-2CE0-4B64-B9ED-79154CFEAAE5}.Debug|Any CPU.ActiveCfg = Debug|Any CPU
		{5D725427-2CE0-4B64-B9ED-79154CFEAAE5}.Debug|Any CPU.Build.0 = Debug|Any CPU
		{5D725427-2CE0-4B64-B9ED-79154CFEAAE5}.Release|Any CPU.ActiveCfg = Release|Any CPU
		{5D725427-2CE0-4B64-B9ED-79154CFEAAE5}.Release|Any CPU.Build.0 = Release|Any CPU
		{C4C7C753-B771-499D-A766-37E5C896E6F9}.Debug|Any CPU.ActiveCfg = Debug|Any CPU
		{C4C7C753-B771-499D-A766-37E5C896E6F9}.Debug|Any CPU.Build.0 = Debug|Any CPU
		{C4C7C753-B771-499D-A766-37E5C896E6F9}.Release|Any CPU.ActiveCfg = Release|Any CPU
		{C4C7C753-B771-499D-A766-37E5C896E6F9}.Release|Any CPU.Build.0 = Release|Any CPU
		{2AF7F857-DFC9-4E4A-B14E-BFDC37844C1C}.Debug|Any CPU.ActiveCfg = Debug|Any CPU
		{2AF7F857-DFC9-4E4A-B14E-BFDC37844C1C}.Debug|Any CPU.Build.0 = Debug|Any CPU
		{2AF7F857-DFC9-4E4A-B14E-BFDC37844C1C}.Release|Any CPU.ActiveCfg = Release|Any CPU
		{2AF7F857-DFC9-4E4A-B14E-BFDC37844C1C}.Release|Any CPU.Build.0 = Release|Any CPU
	EndGlobalSection
	GlobalSection(SolutionProperties) = preSolution
		HideSolutionNode = FALSE
	EndGlobalSection
EndGlobal
