
Microsoft Visual Studio Solution File, Format Version 12.00
# Visual Studio 2013
VisualStudioVersion = 12.0.30723.0
MinimumVisualStudioVersion = 10.0.40219.1
Project("{FAE04EC0-301F-11D3-BF4B-00C04F79EFBC}") = "01. Students", "Students\01. Students.csproj", "{5937116C-F3D2-4B3E-853E-36C7A02386DA}"
EndProject
Project("{FAE04EC0-301F-11D3-BF4B-00C04F79EFBC}") = "02. Articles", "Articles\02. Articles.csproj", "{64FCCE73-0311-4DE7-9952-9FBC9AD1127B}"
EndProject
Project("{FAE04EC0-301F-11D3-BF4B-00C04F79EFBC}") = "03. ImplementingBiDictionary", "ImplementingBiDictionary\03. ImplementingBiDictionary.csproj", "{7B35850F-E4A4-4FE5-9373-6FFCA403299D}"
EndProject
Global
	GlobalSection(SolutionConfigurationPlatforms) = preSolution
		Debug|Any CPU = Debug|Any CPU
		Release|Any CPU = Release|Any CPU
	EndGlobalSection
	GlobalSection(ProjectConfigurationPlatforms) = postSolution
		{5937116C-F3D2-4B3E-853E-36C7A02386DA}.Debug|Any CPU.ActiveCfg = Debug|Any CPU
		{5937116C-F3D2-4B3E-853E-36C7A02386DA}.Debug|Any CPU.Build.0 = Debug|Any CPU
		{5937116C-F3D2-4B3E-853E-36C7A02386DA}.Release|Any CPU.ActiveCfg = Release|Any CPU
		{5937116C-F3D2-4B3E-853E-36C7A02386DA}.Release|Any CPU.Build.0 = Release|Any CPU
		{64FCCE73-0311-4DE7-9952-9FBC9AD1127B}.Debug|Any CPU.ActiveCfg = Debug|Any CPU
		{64FCCE73-0311-4DE7-9952-9FBC9AD1127B}.Debug|Any CPU.Build.0 = Debug|Any CPU
		{64FCCE73-0311-4DE7-9952-9FBC9AD1127B}.Release|Any CPU.ActiveCfg = Release|Any CPU
		{64FCCE73-0311-4DE7-9952-9FBC9AD1127B}.Release|Any CPU.Build.0 = Release|Any CPU
		{7B35850F-E4A4-4FE5-9373-6FFCA403299D}.Debug|Any CPU.ActiveCfg = Debug|Any CPU
		{7B35850F-E4A4-4FE5-9373-6FFCA403299D}.Debug|Any CPU.Build.0 = Debug|Any CPU
		{7B35850F-E4A4-4FE5-9373-6FFCA403299D}.Release|Any CPU.ActiveCfg = Release|Any CPU
		{7B35850F-E4A4-4FE5-9373-6FFCA403299D}.Release|Any CPU.Build.0 = Release|Any CPU
	EndGlobalSection
	GlobalSection(SolutionProperties) = preSolution
		HideSolutionNode = FALSE
	EndGlobalSection
EndGlobal
