
Microsoft Visual Studio Solution File, Format Version 12.00
# Visual Studio 2013
VisualStudioVersion = 12.0.30501.0
MinimumVisualStudioVersion = 10.0.40219.1
Project("{FAE04EC0-301F-11D3-BF4B-00C04F79EFBC}") = "01. GreaterInteger", "GreaterInteger\01. GreaterInteger.csproj", "{794C16D9-64C3-4EB8-8A19-7812838FAA29}"
EndProject
Project("{FAE04EC0-301F-11D3-BF4B-00C04F79EFBC}") = "02. ShowSign", "ShowSign\02. ShowSign.csproj", "{F5B99E17-5E22-489D-8770-8E97FEDA5D53}"
EndProject
Project("{FAE04EC0-301F-11D3-BF4B-00C04F79EFBC}") = "03. TheBiggestInteger", "TheBiggestInteger\03. TheBiggestInteger.csproj", "{5D385603-0669-4838-A3A2-A2356C0B7547}"
EndProject
Project("{FAE04EC0-301F-11D3-BF4B-00C04F79EFBC}") = "04. SortNumbers", "SortNumbers\04. SortNumbers.csproj", "{99D92635-DD88-4A58-A1E9-4CCEED929289}"
EndProject
Project("{FAE04EC0-301F-11D3-BF4B-00C04F79EFBC}") = "05. ShowDigitsName", "ShowDigitsName\05. ShowDigitsName.csproj", "{B05500D5-BD27-450C-BA12-7FEA1A05BCC9}"
EndProject
Project("{FAE04EC0-301F-11D3-BF4B-00C04F79EFBC}") = "06. QuadraticEquation", "QuadraticEquation\06. QuadraticEquation.csproj", "{9BB9CDF6-CB5A-46B6-9147-5C7787458467}"
EndProject
Project("{FAE04EC0-301F-11D3-BF4B-00C04F79EFBC}") = "07. GreaterNumber", "GreaterNumber\07. GreaterNumber.csproj", "{BED22A20-B816-4560-AC25-D08EF4A903FE}"
EndProject
Project("{FAE04EC0-301F-11D3-BF4B-00C04F79EFBC}") = "08. UsersChoice", "UsersChoice\08. UsersChoice.csproj", "{30D8AD06-E8BA-4A14-AD70-7806A2350659}"
EndProject
Project("{FAE04EC0-301F-11D3-BF4B-00C04F79EFBC}") = "09. SubsetSum", "SubsetSum\09. SubsetSum.csproj", "{273E4623-2F6C-42F2-B004-B0A61E4A85FB}"
EndProject
Project("{FAE04EC0-301F-11D3-BF4B-00C04F79EFBC}") = "10. BonusScores", "BonusScores\10. BonusScores.csproj", "{7E71632A-141C-4298-8E5A-2A3E71DF5339}"
EndProject
Project("{FAE04EC0-301F-11D3-BF4B-00C04F79EFBC}") = "11. ConvertNumberToText", "ConvertNumberToText\11. ConvertNumberToText.csproj", "{77AF574B-7E1C-4CB4-8454-94414720D2C8}"
EndProject
Global
	GlobalSection(SolutionConfigurationPlatforms) = preSolution
		Debug|Any CPU = Debug|Any CPU
		Release|Any CPU = Release|Any CPU
	EndGlobalSection
	GlobalSection(ProjectConfigurationPlatforms) = postSolution
		{794C16D9-64C3-4EB8-8A19-7812838FAA29}.Debug|Any CPU.ActiveCfg = Debug|Any CPU
		{794C16D9-64C3-4EB8-8A19-7812838FAA29}.Debug|Any CPU.Build.0 = Debug|Any CPU
		{794C16D9-64C3-4EB8-8A19-7812838FAA29}.Release|Any CPU.ActiveCfg = Release|Any CPU
		{794C16D9-64C3-4EB8-8A19-7812838FAA29}.Release|Any CPU.Build.0 = Release|Any CPU
		{F5B99E17-5E22-489D-8770-8E97FEDA5D53}.Debug|Any CPU.ActiveCfg = Debug|Any CPU
		{F5B99E17-5E22-489D-8770-8E97FEDA5D53}.Debug|Any CPU.Build.0 = Debug|Any CPU
		{F5B99E17-5E22-489D-8770-8E97FEDA5D53}.Release|Any CPU.ActiveCfg = Release|Any CPU
		{F5B99E17-5E22-489D-8770-8E97FEDA5D53}.Release|Any CPU.Build.0 = Release|Any CPU
		{5D385603-0669-4838-A3A2-A2356C0B7547}.Debug|Any CPU.ActiveCfg = Debug|Any CPU
		{5D385603-0669-4838-A3A2-A2356C0B7547}.Debug|Any CPU.Build.0 = Debug|Any CPU
		{5D385603-0669-4838-A3A2-A2356C0B7547}.Release|Any CPU.ActiveCfg = Release|Any CPU
		{5D385603-0669-4838-A3A2-A2356C0B7547}.Release|Any CPU.Build.0 = Release|Any CPU
		{99D92635-DD88-4A58-A1E9-4CCEED929289}.Debug|Any CPU.ActiveCfg = Debug|Any CPU
		{99D92635-DD88-4A58-A1E9-4CCEED929289}.Debug|Any CPU.Build.0 = Debug|Any CPU
		{99D92635-DD88-4A58-A1E9-4CCEED929289}.Release|Any CPU.ActiveCfg = Release|Any CPU
		{99D92635-DD88-4A58-A1E9-4CCEED929289}.Release|Any CPU.Build.0 = Release|Any CPU
		{B05500D5-BD27-450C-BA12-7FEA1A05BCC9}.Debug|Any CPU.ActiveCfg = Debug|Any CPU
		{B05500D5-BD27-450C-BA12-7FEA1A05BCC9}.Debug|Any CPU.Build.0 = Debug|Any CPU
		{B05500D5-BD27-450C-BA12-7FEA1A05BCC9}.Release|Any CPU.ActiveCfg = Release|Any CPU
		{B05500D5-BD27-450C-BA12-7FEA1A05BCC9}.Release|Any CPU.Build.0 = Release|Any CPU
		{9BB9CDF6-CB5A-46B6-9147-5C7787458467}.Debug|Any CPU.ActiveCfg = Debug|Any CPU
		{9BB9CDF6-CB5A-46B6-9147-5C7787458467}.Debug|Any CPU.Build.0 = Debug|Any CPU
		{9BB9CDF6-CB5A-46B6-9147-5C7787458467}.Release|Any CPU.ActiveCfg = Release|Any CPU
		{9BB9CDF6-CB5A-46B6-9147-5C7787458467}.Release|Any CPU.Build.0 = Release|Any CPU
		{BED22A20-B816-4560-AC25-D08EF4A903FE}.Debug|Any CPU.ActiveCfg = Debug|Any CPU
		{BED22A20-B816-4560-AC25-D08EF4A903FE}.Debug|Any CPU.Build.0 = Debug|Any CPU
		{BED22A20-B816-4560-AC25-D08EF4A903FE}.Release|Any CPU.ActiveCfg = Release|Any CPU
		{BED22A20-B816-4560-AC25-D08EF4A903FE}.Release|Any CPU.Build.0 = Release|Any CPU
		{30D8AD06-E8BA-4A14-AD70-7806A2350659}.Debug|Any CPU.ActiveCfg = Debug|Any CPU
		{30D8AD06-E8BA-4A14-AD70-7806A2350659}.Debug|Any CPU.Build.0 = Debug|Any CPU
		{30D8AD06-E8BA-4A14-AD70-7806A2350659}.Release|Any CPU.ActiveCfg = Release|Any CPU
		{30D8AD06-E8BA-4A14-AD70-7806A2350659}.Release|Any CPU.Build.0 = Release|Any CPU
		{273E4623-2F6C-42F2-B004-B0A61E4A85FB}.Debug|Any CPU.ActiveCfg = Debug|Any CPU
		{273E4623-2F6C-42F2-B004-B0A61E4A85FB}.Debug|Any CPU.Build.0 = Debug|Any CPU
		{273E4623-2F6C-42F2-B004-B0A61E4A85FB}.Release|Any CPU.ActiveCfg = Release|Any CPU
		{273E4623-2F6C-42F2-B004-B0A61E4A85FB}.Release|Any CPU.Build.0 = Release|Any CPU
		{7E71632A-141C-4298-8E5A-2A3E71DF5339}.Debug|Any CPU.ActiveCfg = Debug|Any CPU
		{7E71632A-141C-4298-8E5A-2A3E71DF5339}.Debug|Any CPU.Build.0 = Debug|Any CPU
		{7E71632A-141C-4298-8E5A-2A3E71DF5339}.Release|Any CPU.ActiveCfg = Release|Any CPU
		{7E71632A-141C-4298-8E5A-2A3E71DF5339}.Release|Any CPU.Build.0 = Release|Any CPU
		{77AF574B-7E1C-4CB4-8454-94414720D2C8}.Debug|Any CPU.ActiveCfg = Debug|Any CPU
		{77AF574B-7E1C-4CB4-8454-94414720D2C8}.Debug|Any CPU.Build.0 = Debug|Any CPU
		{77AF574B-7E1C-4CB4-8454-94414720D2C8}.Release|Any CPU.ActiveCfg = Release|Any CPU
		{77AF574B-7E1C-4CB4-8454-94414720D2C8}.Release|Any CPU.Build.0 = Release|Any CPU
	EndGlobalSection
	GlobalSection(SolutionProperties) = preSolution
		HideSolutionNode = FALSE
	EndGlobalSection
EndGlobal
