// !$*UTF8*$!
{
	archiveVersion = 1;
	classes = {
	};
	objectVersion = 46;
	objects = {

/* Begin PBXBuildFile section */
		84A02B6C1A016E4C008D43A5 /* Character.m in Sources */ = {isa = PBXBuildFile; fileRef = 84A02B6B1A016E4C008D43A5 /* Character.m */; };
		84A02B6F1A017279008D43A5 /* Skill.m in Sources */ = {isa = PBXBuildFile; fileRef = 84A02B6E1A017279008D43A5 /* Skill.m */; };
		84A02B761A017770008D43A5 /* LiuKang.m in Sources */ = {isa = PBXBuildFile; fileRef = 84A02B751A017770008D43A5 /* LiuKang.m */; };
		84A8E6011A00F51B0073102B /* main.m in Sources */ = {isa = PBXBuildFile; fileRef = 84A8E6001A00F51B0073102B /* main.m */; };
		84AF66701A018B77005A50DB /* Scorpion.m in Sources */ = {isa = PBXBuildFile; fileRef = 84AF666F1A018B77005A50DB /* Scorpion.m */; };
		84AF66731A018B87005A50DB /* Raiden.m in Sources */ = {isa = PBXBuildFile; fileRef = 84AF66721A018B87005A50DB /* Raiden.m */; };
		84AF66761A018BA5005A50DB /* JohnnyCage.m in Sources */ = {isa = PBXBuildFile; fileRef = 84AF66751A018BA5005A50DB /* JohnnyCage.m */; };
		84AF66791A018BBD005A50DB /* SubZero.m in Sources */ = {isa = PBXBuildFile; fileRef = 84AF66781A018BBD005A50DB /* SubZero.m */; };
/* End PBXBuildFile section */

/* Begin PBXCopyFilesBuildPhase section */
		84A8E5FB1A00F51A0073102B /* CopyFiles */ = {
			isa = PBXCopyFilesBuildPhase;
			buildActionMask = 2147483647;
			dstPath = /usr/share/man/man1/;
			dstSubfolderSpec = 0;
			files = (
			);
			runOnlyForDeploymentPostprocessing = 1;
		};
/* End PBXCopyFilesBuildPhase section */

/* Begin PBXFileReference section */
		84A02B6A1A016E4C008D43A5 /* Character.h */ = {isa = PBXFileReference; fileEncoding = 4; lastKnownFileType = sourcecode.c.h; path = Character.h; sourceTree = "<group>"; };
		84A02B6B1A016E4C008D43A5 /* Character.m */ = {isa = PBXFileReference; fileEncoding = 4; lastKnownFileType = sourcecode.c.objc; path = Character.m; sourceTree = "<group>"; };
		84A02B6D1A017279008D43A5 /* Skill.h */ = {isa = PBXFileReference; fileEncoding = 4; lastKnownFileType = sourcecode.c.h; path = Skill.h; sourceTree = "<group>"; };
		84A02B6E1A017279008D43A5 /* Skill.m */ = {isa = PBXFileReference; fileEncoding = 4; lastKnownFileType = sourcecode.c.objc; path = Skill.m; sourceTree = "<group>"; };
		84A02B741A017770008D43A5 /* LiuKang.h */ = {isa = PBXFileReference; fileEncoding = 4; lastKnownFileType = sourcecode.c.h; path = LiuKang.h; sourceTree = "<group>"; };
		84A02B751A017770008D43A5 /* LiuKang.m */ = {isa = PBXFileReference; fileEncoding = 4; lastKnownFileType = sourcecode.c.objc; path = LiuKang.m; sourceTree = "<group>"; };
		84A02B771A017AE7008D43A5 /* Fightable.h */ = {isa = PBXFileReference; fileEncoding = 4; lastKnownFileType = sourcecode.c.h; path = Fightable.h; sourceTree = "<group>"; };
		84A8E5FD1A00F51A0073102B /* MortalKombat */ = {isa = PBXFileReference; explicitFileType = "compiled.mach-o.executable"; includeInIndex = 0; path = MortalKombat; sourceTree = BUILT_PRODUCTS_DIR; };
		84A8E6001A00F51B0073102B /* main.m */ = {isa = PBXFileReference; lastKnownFileType = sourcecode.c.objc; path = main.m; sourceTree = "<group>"; };
		84AF666E1A018B77005A50DB /* Scorpion.h */ = {isa = PBXFileReference; fileEncoding = 4; lastKnownFileType = sourcecode.c.h; path = Scorpion.h; sourceTree = "<group>"; };
		84AF666F1A018B77005A50DB /* Scorpion.m */ = {isa = PBXFileReference; fileEncoding = 4; lastKnownFileType = sourcecode.c.objc; path = Scorpion.m; sourceTree = "<group>"; };
		84AF66711A018B87005A50DB /* Raiden.h */ = {isa = PBXFileReference; fileEncoding = 4; lastKnownFileType = sourcecode.c.h; path = Raiden.h; sourceTree = "<group>"; };
		84AF66721A018B87005A50DB /* Raiden.m */ = {isa = PBXFileReference; fileEncoding = 4; lastKnownFileType = sourcecode.c.objc; path = Raiden.m; sourceTree = "<group>"; };
		84AF66741A018BA5005A50DB /* JohnnyCage.h */ = {isa = PBXFileReference; fileEncoding = 4; lastKnownFileType = sourcecode.c.h; path = JohnnyCage.h; sourceTree = "<group>"; };
		84AF66751A018BA5005A50DB /* JohnnyCage.m */ = {isa = PBXFileReference; fileEncoding = 4; lastKnownFileType = sourcecode.c.objc; path = JohnnyCage.m; sourceTree = "<group>"; };
		84AF66771A018BBD005A50DB /* SubZero.h */ = {isa = PBXFileReference; fileEncoding = 4; lastKnownFileType = sourcecode.c.h; path = SubZero.h; sourceTree = "<group>"; };
		84AF66781A018BBD005A50DB /* SubZero.m */ = {isa = PBXFileReference; fileEncoding = 4; lastKnownFileType = sourcecode.c.objc; path = SubZero.m; sourceTree = "<group>"; };
/* End PBXFileReference section */

/* Begin PBXFrameworksBuildPhase section */
		84A8E5FA1A00F51A0073102B /* Frameworks */ = {
			isa = PBXFrameworksBuildPhase;
			buildActionMask = 2147483647;
			files = (
			);
			runOnlyForDeploymentPostprocessing = 0;
		};
/* End PBXFrameworksBuildPhase section */

/* Begin PBXGroup section */
		84A02B731A01775E008D43A5 /* Characters */ = {
			isa = PBXGroup;
			children = (
				84A02B741A017770008D43A5 /* LiuKang.h */,
				84A02B751A017770008D43A5 /* LiuKang.m */,
				84AF666E1A018B77005A50DB /* Scorpion.h */,
				84AF666F1A018B77005A50DB /* Scorpion.m */,
				84AF66711A018B87005A50DB /* Raiden.h */,
				84AF66721A018B87005A50DB /* Raiden.m */,
				84AF66741A018BA5005A50DB /* JohnnyCage.h */,
				84AF66751A018BA5005A50DB /* JohnnyCage.m */,
				84AF66771A018BBD005A50DB /* SubZero.h */,
				84AF66781A018BBD005A50DB /* SubZero.m */,
			);
			name = Characters;
			sourceTree = "<group>";
		};
		84A8E5F41A00F51A0073102B = {
			isa = PBXGroup;
			children = (
				84A8E5FF1A00F51A0073102B /* MortalKombat */,
				84A8E5FE1A00F51A0073102B /* Products */,
			);
			sourceTree = "<group>";
		};
		84A8E5FE1A00F51A0073102B /* Products */ = {
			isa = PBXGroup;
			children = (
				84A8E5FD1A00F51A0073102B /* MortalKombat */,
			);
			name = Products;
			sourceTree = "<group>";
		};
		84A8E5FF1A00F51A0073102B /* MortalKombat */ = {
			isa = PBXGroup;
			children = (
				84A02B731A01775E008D43A5 /* Characters */,
				84A02B6A1A016E4C008D43A5 /* Character.h */,
				84A02B6B1A016E4C008D43A5 /* Character.m */,
				84A8E6001A00F51B0073102B /* main.m */,
				84A02B6D1A017279008D43A5 /* Skill.h */,
				84A02B6E1A017279008D43A5 /* Skill.m */,
				84A02B771A017AE7008D43A5 /* Fightable.h */,
			);
			path = MortalKombat;
			sourceTree = "<group>";
		};
/* End PBXGroup section */

/* Begin PBXNativeTarget section */
		84A8E5FC1A00F51A0073102B /* MortalKombat */ = {
			isa = PBXNativeTarget;
			buildConfigurationList = 84A8E6041A00F51B0073102B /* Build configuration list for PBXNativeTarget "MortalKombat" */;
			buildPhases = (
				84A8E5F91A00F51A0073102B /* Sources */,
				84A8E5FA1A00F51A0073102B /* Frameworks */,
				84A8E5FB1A00F51A0073102B /* CopyFiles */,
			);
			buildRules = (
			);
			dependencies = (
			);
			name = MortalKombat;
			productName = MortalKombat;
			productReference = 84A8E5FD1A00F51A0073102B /* MortalKombat */;
			productType = "com.apple.product-type.tool";
		};
/* End PBXNativeTarget section */

/* Begin PBXProject section */
		84A8E5F51A00F51A0073102B /* Project object */ = {
			isa = PBXProject;
			attributes = {
				LastUpgradeCheck = 0610;
				ORGANIZATIONNAME = Admin;
				TargetAttributes = {
					84A8E5FC1A00F51A0073102B = {
						CreatedOnToolsVersion = 6.1;
					};
				};
			};
			buildConfigurationList = 84A8E5F81A00F51A0073102B /* Build configuration list for PBXProject "MortalKombat" */;
			compatibilityVersion = "Xcode 3.2";
			developmentRegion = English;
			hasScannedForEncodings = 0;
			knownRegions = (
				en,
			);
			mainGroup = 84A8E5F41A00F51A0073102B;
			productRefGroup = 84A8E5FE1A00F51A0073102B /* Products */;
			projectDirPath = "";
			projectRoot = "";
			targets = (
				84A8E5FC1A00F51A0073102B /* MortalKombat */,
			);
		};
/* End PBXProject section */

/* Begin PBXSourcesBuildPhase section */
		84A8E5F91A00F51A0073102B /* Sources */ = {
			isa = PBXSourcesBuildPhase;
			buildActionMask = 2147483647;
			files = (
				84AF66701A018B77005A50DB /* Scorpion.m in Sources */,
				84A02B6F1A017279008D43A5 /* Skill.m in Sources */,
				84AF66731A018B87005A50DB /* Raiden.m in Sources */,
				84A8E6011A00F51B0073102B /* main.m in Sources */,
				84AF66761A018BA5005A50DB /* JohnnyCage.m in Sources */,
				84A02B6C1A016E4C008D43A5 /* Character.m in Sources */,
				84AF66791A018BBD005A50DB /* SubZero.m in Sources */,
				84A02B761A017770008D43A5 /* LiuKang.m in Sources */,
			);
			runOnlyForDeploymentPostprocessing = 0;
		};
/* End PBXSourcesBuildPhase section */

/* Begin XCBuildConfiguration section */
		84A8E6021A00F51B0073102B /* Debug */ = {
			isa = XCBuildConfiguration;
			buildSettings = {
				ALWAYS_SEARCH_USER_PATHS = NO;
				CLANG_CXX_LANGUAGE_STANDARD = "gnu++0x";
				CLANG_CXX_LIBRARY = "libc++";
				CLANG_ENABLE_MODULES = YES;
				CLANG_ENABLE_OBJC_ARC = YES;
				CLANG_WARN_BOOL_CONVERSION = YES;
				CLANG_WARN_CONSTANT_CONVERSION = YES;
				CLANG_WARN_DIRECT_OBJC_ISA_USAGE = YES_ERROR;
				CLANG_WARN_EMPTY_BODY = YES;
				CLANG_WARN_ENUM_CONVERSION = YES;
				CLANG_WARN_INT_CONVERSION = YES;
				CLANG_WARN_OBJC_ROOT_CLASS = YES_ERROR;
				CLANG_WARN_UNREACHABLE_CODE = YES;
				CLANG_WARN__DUPLICATE_METHOD_MATCH = YES;
				COPY_PHASE_STRIP = NO;
				ENABLE_STRICT_OBJC_MSGSEND = YES;
				GCC_C_LANGUAGE_STANDARD = gnu99;
				GCC_DYNAMIC_NO_PIC = NO;
				GCC_OPTIMIZATION_LEVEL = 0;
				GCC_PREPROCESSOR_DEFINITIONS = (
					"DEBUG=1",
					"$(inherited)",
				);
				GCC_SYMBOLS_PRIVATE_EXTERN = NO;
				GCC_WARN_64_TO_32_BIT_CONVERSION = YES;
				GCC_WARN_ABOUT_RETURN_TYPE = YES_ERROR;
				GCC_WARN_UNDECLARED_SELECTOR = YES;
				GCC_WARN_UNINITIALIZED_AUTOS = YES_AGGRESSIVE;
				GCC_WARN_UNUSED_FUNCTION = YES;
				GCC_WARN_UNUSED_VARIABLE = YES;
				MACOSX_DEPLOYMENT_TARGET = 10.9;
				MTL_ENABLE_DEBUG_INFO = YES;
				ONLY_ACTIVE_ARCH = YES;
				SDKROOT = macosx;
			};
			name = Debug;
		};
		84A8E6031A00F51B0073102B /* Release */ = {
			isa = XCBuildConfiguration;
			buildSettings = {
				ALWAYS_SEARCH_USER_PATHS = NO;
				CLANG_CXX_LANGUAGE_STANDARD = "gnu++0x";
				CLANG_CXX_LIBRARY = "libc++";
				CLANG_ENABLE_MODULES = YES;
				CLANG_ENABLE_OBJC_ARC = YES;
				CLANG_WARN_BOOL_CONVERSION = YES;
				CLANG_WARN_CONSTANT_CONVERSION = YES;
				CLANG_WARN_DIRECT_OBJC_ISA_USAGE = YES_ERROR;
				CLANG_WARN_EMPTY_BODY = YES;
				CLANG_WARN_ENUM_CONVERSION = YES;
				CLANG_WARN_INT_CONVERSION = YES;
				CLANG_WARN_OBJC_ROOT_CLASS = YES_ERROR;
				CLANG_WARN_UNREACHABLE_CODE = YES;
				CLANG_WARN__DUPLICATE_METHOD_MATCH = YES;
				COPY_PHASE_STRIP = YES;
				DEBUG_INFORMATION_FORMAT = "dwarf-with-dsym";
				ENABLE_NS_ASSERTIONS = NO;
				ENABLE_STRICT_OBJC_MSGSEND = YES;
				GCC_C_LANGUAGE_STANDARD = gnu99;
				GCC_WARN_64_TO_32_BIT_CONVERSION = YES;
				GCC_WARN_ABOUT_RETURN_TYPE = YES_ERROR;
				GCC_WARN_UNDECLARED_SELECTOR = YES;
				GCC_WARN_UNINITIALIZED_AUTOS = YES_AGGRESSIVE;
				GCC_WARN_UNUSED_FUNCTION = YES;
				GCC_WARN_UNUSED_VARIABLE = YES;
				MACOSX_DEPLOYMENT_TARGET = 10.9;
				MTL_ENABLE_DEBUG_INFO = NO;
				SDKROOT = macosx;
			};
			name = Release;
		};
		84A8E6051A00F51B0073102B /* Debug */ = {
			isa = XCBuildConfiguration;
			buildSettings = {
				PRODUCT_NAME = "$(TARGET_NAME)";
			};
			name = Debug;
		};
		84A8E6061A00F51B0073102B /* Release */ = {
			isa = XCBuildConfiguration;
			buildSettings = {
				PRODUCT_NAME = "$(TARGET_NAME)";
			};
			name = Release;
		};
/* End XCBuildConfiguration section */

/* Begin XCConfigurationList section */
		84A8E5F81A00F51A0073102B /* Build configuration list for PBXProject "MortalKombat" */ = {
			isa = XCConfigurationList;
			buildConfigurations = (
				84A8E6021A00F51B0073102B /* Debug */,
				84A8E6031A00F51B0073102B /* Release */,
			);
			defaultConfigurationIsVisible = 0;
			defaultConfigurationName = Release;
		};
		84A8E6041A00F51B0073102B /* Build configuration list for PBXNativeTarget "MortalKombat" */ = {
			isa = XCConfigurationList;
			buildConfigurations = (
				84A8E6051A00F51B0073102B /* Debug */,
				84A8E6061A00F51B0073102B /* Release */,
			);
			defaultConfigurationIsVisible = 0;
			defaultConfigurationName = Release;
		};
/* End XCConfigurationList section */
	};
	rootObject = 84A8E5F51A00F51A0073102B /* Project object */;
}
