
Microsoft Visual Studio Solution File, Format Version 12.00
# Visual Studio 2012
Project("{FAE04EC0-301F-11D3-BF4B-00C04F79EFBC}") = "01. FigureRotation", "FigureRotation\01. FigureRotation.csproj", "{6ADC2150-722A-476A-A6F2-446175184518}"
EndProject
Project("{FAE04EC0-301F-11D3-BF4B-00C04F79EFBC}") = "02. Statistics", "Statistics\02. Statistics.csproj", "{3D5F671D-DF0D-4BDC-80A4-CF16077816BF}"
EndProject
Global
	GlobalSection(SolutionConfigurationPlatforms) = preSolution
		Debug|Any CPU = Debug|Any CPU
		Release|Any CPU = Release|Any CPU
	EndGlobalSection
	GlobalSection(ProjectConfigurationPlatforms) = postSolution
		{6ADC2150-722A-476A-A6F2-446175184518}.Debug|Any CPU.ActiveCfg = Debug|Any CPU
		{6ADC2150-722A-476A-A6F2-446175184518}.Debug|Any CPU.Build.0 = Debug|Any CPU
		{6ADC2150-722A-476A-A6F2-446175184518}.Release|Any CPU.ActiveCfg = Release|Any CPU
		{6ADC2150-722A-476A-A6F2-446175184518}.Release|Any CPU.Build.0 = Release|Any CPU
		{3D5F671D-DF0D-4BDC-80A4-CF16077816BF}.Debug|Any CPU.ActiveCfg = Debug|Any CPU
		{3D5F671D-DF0D-4BDC-80A4-CF16077816BF}.Debug|Any CPU.Build.0 = Debug|Any CPU
		{3D5F671D-DF0D-4BDC-80A4-CF16077816BF}.Release|Any CPU.ActiveCfg = Release|Any CPU
		{3D5F671D-DF0D-4BDC-80A4-CF16077816BF}.Release|Any CPU.Build.0 = Release|Any CPU
	EndGlobalSection
	GlobalSection(SolutionProperties) = preSolution
		HideSolutionNode = FALSE
	EndGlobalSection
EndGlobal
