
Microsoft Visual Studio Solution File, Format Version 12.00
# Visual Studio 2013
VisualStudioVersion = 12.0.30723.0
MinimumVisualStudioVersion = 10.0.40219.1
Project("{FAE04EC0-301F-11D3-BF4B-00C04F79EFBC}") = "BullsAndCows.Models", "BullsAndCows.Models\BullsAndCows.Models.csproj", "{2668C771-B433-4B61-AABC-FEA90573A495}"
EndProject
Project("{FAE04EC0-301F-11D3-BF4B-00C04F79EFBC}") = "BullsAndCows.Data", "BullsAndCows.Data\BullsAndCows.Data.csproj", "{D7784A08-C7DA-4313-9C6B-B5369B73701B}"
EndProject
Project("{FAE04EC0-301F-11D3-BF4B-00C04F79EFBC}") = "BullsAndCows.WebAPI", "BullsAndCows.WebAPI\BullsAndCows.WebAPI.csproj", "{2F267227-E73B-487A-8A73-AD042714D05D}"
EndProject
Project("{FAE04EC0-301F-11D3-BF4B-00C04F79EFBC}") = "BullsAndCows.WCF", "BullsAndCows.WCF\BullsAndCows.WCF.csproj", "{CEA9F9CF-BAB6-45D5-A0FB-C092886DB4BF}"
EndProject
Project("{FAE04EC0-301F-11D3-BF4B-00C04F79EFBC}") = "BullsAndCows.RandomGenerator", "BullsAndCows.RandomGenerator\BullsAndCows.RandomGenerator.csproj", "{A1510C25-543F-4E29-B78F-A9B21FCE53C3}"
EndProject
Project("{FAE04EC0-301F-11D3-BF4B-00C04F79EFBC}") = "BullsAndCows.Logic", "BullsAndCows.Logic\BullsAndCows.Logic.csproj", "{D4445A92-9D5D-4AD5-9AC6-594F8FD0D024}"
EndProject
Global
	GlobalSection(SolutionConfigurationPlatforms) = preSolution
		Debug|Any CPU = Debug|Any CPU
		Release|Any CPU = Release|Any CPU
	EndGlobalSection
	GlobalSection(ProjectConfigurationPlatforms) = postSolution
		{2668C771-B433-4B61-AABC-FEA90573A495}.Debug|Any CPU.ActiveCfg = Debug|Any CPU
		{2668C771-B433-4B61-AABC-FEA90573A495}.Debug|Any CPU.Build.0 = Debug|Any CPU
		{2668C771-B433-4B61-AABC-FEA90573A495}.Release|Any CPU.ActiveCfg = Release|Any CPU
		{2668C771-B433-4B61-AABC-FEA90573A495}.Release|Any CPU.Build.0 = Release|Any CPU
		{D7784A08-C7DA-4313-9C6B-B5369B73701B}.Debug|Any CPU.ActiveCfg = Debug|Any CPU
		{D7784A08-C7DA-4313-9C6B-B5369B73701B}.Debug|Any CPU.Build.0 = Debug|Any CPU
		{D7784A08-C7DA-4313-9C6B-B5369B73701B}.Release|Any CPU.ActiveCfg = Release|Any CPU
		{D7784A08-C7DA-4313-9C6B-B5369B73701B}.Release|Any CPU.Build.0 = Release|Any CPU
		{2F267227-E73B-487A-8A73-AD042714D05D}.Debug|Any CPU.ActiveCfg = Debug|Any CPU
		{2F267227-E73B-487A-8A73-AD042714D05D}.Debug|Any CPU.Build.0 = Debug|Any CPU
		{2F267227-E73B-487A-8A73-AD042714D05D}.Release|Any CPU.ActiveCfg = Release|Any CPU
		{2F267227-E73B-487A-8A73-AD042714D05D}.Release|Any CPU.Build.0 = Release|Any CPU
		{CEA9F9CF-BAB6-45D5-A0FB-C092886DB4BF}.Debug|Any CPU.ActiveCfg = Debug|Any CPU
		{CEA9F9CF-BAB6-45D5-A0FB-C092886DB4BF}.Debug|Any CPU.Build.0 = Debug|Any CPU
		{CEA9F9CF-BAB6-45D5-A0FB-C092886DB4BF}.Release|Any CPU.ActiveCfg = Release|Any CPU
		{CEA9F9CF-BAB6-45D5-A0FB-C092886DB4BF}.Release|Any CPU.Build.0 = Release|Any CPU
		{A1510C25-543F-4E29-B78F-A9B21FCE53C3}.Debug|Any CPU.ActiveCfg = Debug|Any CPU
		{A1510C25-543F-4E29-B78F-A9B21FCE53C3}.Debug|Any CPU.Build.0 = Debug|Any CPU
		{A1510C25-543F-4E29-B78F-A9B21FCE53C3}.Release|Any CPU.ActiveCfg = Release|Any CPU
		{A1510C25-543F-4E29-B78F-A9B21FCE53C3}.Release|Any CPU.Build.0 = Release|Any CPU
		{D4445A92-9D5D-4AD5-9AC6-594F8FD0D024}.Debug|Any CPU.ActiveCfg = Debug|Any CPU
		{D4445A92-9D5D-4AD5-9AC6-594F8FD0D024}.Debug|Any CPU.Build.0 = Debug|Any CPU
		{D4445A92-9D5D-4AD5-9AC6-594F8FD0D024}.Release|Any CPU.ActiveCfg = Release|Any CPU
		{D4445A92-9D5D-4AD5-9AC6-594F8FD0D024}.Release|Any CPU.Build.0 = Release|Any CPU
	EndGlobalSection
	GlobalSection(SolutionProperties) = preSolution
		HideSolutionNode = FALSE
	EndGlobalSection
EndGlobal
