
Microsoft Visual Studio Solution File, Format Version 12.00
# Visual Studio 2013
VisualStudioVersion = 12.0.30501.0
MinimumVisualStudioVersion = 10.0.40219.1
Project("{FAE04EC0-301F-11D3-BF4B-00C04F79EFBC}") = "RotatingWalkInMatrix", "RotatingWalkInMatrix\RotatingWalkInMatrix.csproj", "{D9AB5BEE-844C-450E-91EF-36E1F309D5C5}"
EndProject
Project("{FAE04EC0-301F-11D3-BF4B-00C04F79EFBC}") = "TestMatrix", "TestMatrix\TestMatrix.csproj", "{C5698DC6-8CD1-451D-AADC-CC698FE8733C}"
EndProject
Global
	GlobalSection(SolutionConfigurationPlatforms) = preSolution
		Debug|Any CPU = Debug|Any CPU
		Release|Any CPU = Release|Any CPU
	EndGlobalSection
	GlobalSection(ProjectConfigurationPlatforms) = postSolution
		{D9AB5BEE-844C-450E-91EF-36E1F309D5C5}.Debug|Any CPU.ActiveCfg = Debug|Any CPU
		{D9AB5BEE-844C-450E-91EF-36E1F309D5C5}.Debug|Any CPU.Build.0 = Debug|Any CPU
		{D9AB5BEE-844C-450E-91EF-36E1F309D5C5}.Release|Any CPU.ActiveCfg = Release|Any CPU
		{D9AB5BEE-844C-450E-91EF-36E1F309D5C5}.Release|Any CPU.Build.0 = Release|Any CPU
		{C5698DC6-8CD1-451D-AADC-CC698FE8733C}.Debug|Any CPU.ActiveCfg = Debug|Any CPU
		{C5698DC6-8CD1-451D-AADC-CC698FE8733C}.Debug|Any CPU.Build.0 = Debug|Any CPU
		{C5698DC6-8CD1-451D-AADC-CC698FE8733C}.Release|Any CPU.ActiveCfg = Release|Any CPU
		{C5698DC6-8CD1-451D-AADC-CC698FE8733C}.Release|Any CPU.Build.0 = Release|Any CPU
	EndGlobalSection
	GlobalSection(SolutionProperties) = preSolution
		HideSolutionNode = FALSE
	EndGlobalSection
EndGlobal
