
Microsoft Visual Studio Solution File, Format Version 12.00
# Visual Studio 2013
VisualStudioVersion = 12.0.30723.0
MinimumVisualStudioVersion = 10.0.40219.1
Project("{FAE04EC0-301F-11D3-BF4B-00C04F79EFBC}") = "01. ReadTree", "ReadTree\01. ReadTree.csproj", "{75B4B386-CDB0-4BB5-9938-BDBBAA340D4D}"
EndProject
Project("{FAE04EC0-301F-11D3-BF4B-00C04F79EFBC}") = "02. SearchFiles", "SearchFiles\02. SearchFiles.csproj", "{92403E8E-550A-4376-AE46-9D06D6BCB1E8}"
EndProject
Project("{FAE04EC0-301F-11D3-BF4B-00C04F79EFBC}") = "03. KeepFiles", "KeepFiles\03. KeepFiles.csproj", "{A8272A52-B019-472E-A744-77394B9F1170}"
EndProject
Global
	GlobalSection(SolutionConfigurationPlatforms) = preSolution
		Debug|Any CPU = Debug|Any CPU
		Release|Any CPU = Release|Any CPU
	EndGlobalSection
	GlobalSection(ProjectConfigurationPlatforms) = postSolution
		{75B4B386-CDB0-4BB5-9938-BDBBAA340D4D}.Debug|Any CPU.ActiveCfg = Debug|Any CPU
		{75B4B386-CDB0-4BB5-9938-BDBBAA340D4D}.Debug|Any CPU.Build.0 = Debug|Any CPU
		{75B4B386-CDB0-4BB5-9938-BDBBAA340D4D}.Release|Any CPU.ActiveCfg = Release|Any CPU
		{75B4B386-CDB0-4BB5-9938-BDBBAA340D4D}.Release|Any CPU.Build.0 = Release|Any CPU
		{92403E8E-550A-4376-AE46-9D06D6BCB1E8}.Debug|Any CPU.ActiveCfg = Debug|Any CPU
		{92403E8E-550A-4376-AE46-9D06D6BCB1E8}.Debug|Any CPU.Build.0 = Debug|Any CPU
		{92403E8E-550A-4376-AE46-9D06D6BCB1E8}.Release|Any CPU.ActiveCfg = Release|Any CPU
		{92403E8E-550A-4376-AE46-9D06D6BCB1E8}.Release|Any CPU.Build.0 = Release|Any CPU
		{A8272A52-B019-472E-A744-77394B9F1170}.Debug|Any CPU.ActiveCfg = Debug|Any CPU
		{A8272A52-B019-472E-A744-77394B9F1170}.Debug|Any CPU.Build.0 = Debug|Any CPU
		{A8272A52-B019-472E-A744-77394B9F1170}.Release|Any CPU.ActiveCfg = Release|Any CPU
		{A8272A52-B019-472E-A744-77394B9F1170}.Release|Any CPU.Build.0 = Release|Any CPU
	EndGlobalSection
	GlobalSection(SolutionProperties) = preSolution
		HideSolutionNode = FALSE
	EndGlobalSection
EndGlobal
