// !$*UTF8*$!
{
	archiveVersion = 1;
	classes = {
	};
	objectVersion = 46;
	objects = {

/* Begin PBXBuildFile section */
		8443E1091A080980005E829D /* main.m in Sources */ = {isa = PBXBuildFile; fileRef = 8443E1081A080980005E829D /* main.m */; };
		8443E10C1A080980005E829D /* AppDelegate.m in Sources */ = {isa = PBXBuildFile; fileRef = 8443E10B1A080980005E829D /* AppDelegate.m */; };
		8443E10F1A080980005E829D /* TableViewController.m in Sources */ = {isa = PBXBuildFile; fileRef = 8443E10E1A080980005E829D /* TableViewController.m */; };
		8443E1121A080980005E829D /* Main.storyboard in Resources */ = {isa = PBXBuildFile; fileRef = 8443E1101A080980005E829D /* Main.storyboard */; };
		8443E1141A080980005E829D /* Images.xcassets in Resources */ = {isa = PBXBuildFile; fileRef = 8443E1131A080980005E829D /* Images.xcassets */; };
		8443E1171A080981005E829D /* LaunchScreen.xib in Resources */ = {isa = PBXBuildFile; fileRef = 8443E1151A080981005E829D /* LaunchScreen.xib */; };
		8443E1231A080981005E829D /* TableViewTests.m in Sources */ = {isa = PBXBuildFile; fileRef = 8443E1221A080981005E829D /* TableViewTests.m */; };
		8443E13D1A080E79005E829D /* asp.png in Resources */ = {isa = PBXBuildFile; fileRef = 8443E1361A080E79005E829D /* asp.png */; };
		8443E13E1A080E79005E829D /* c#.png in Resources */ = {isa = PBXBuildFile; fileRef = 8443E1371A080E79005E829D /* c#.png */; };
		8443E13F1A080E79005E829D /* cpp.png in Resources */ = {isa = PBXBuildFile; fileRef = 8443E1381A080E79005E829D /* cpp.png */; };
		8443E1401A080E79005E829D /* css.png in Resources */ = {isa = PBXBuildFile; fileRef = 8443E1391A080E79005E829D /* css.png */; };
		8443E1411A080E79005E829D /* html.png in Resources */ = {isa = PBXBuildFile; fileRef = 8443E13A1A080E79005E829D /* html.png */; };
		8443E1421A080E79005E829D /* js.png in Resources */ = {isa = PBXBuildFile; fileRef = 8443E13B1A080E79005E829D /* js.png */; };
		8443E1431A080E79005E829D /* php.png in Resources */ = {isa = PBXBuildFile; fileRef = 8443E13C1A080E79005E829D /* php.png */; };
		8443E1461A080E9A005E829D /* Item.m in Sources */ = {isa = PBXBuildFile; fileRef = 8443E1451A080E9A005E829D /* Item.m */; };
/* End PBXBuildFile section */

/* Begin PBXContainerItemProxy section */
		8443E11D1A080981005E829D /* PBXContainerItemProxy */ = {
			isa = PBXContainerItemProxy;
			containerPortal = 8443E0FB1A080980005E829D /* Project object */;
			proxyType = 1;
			remoteGlobalIDString = 8443E1021A080980005E829D;
			remoteInfo = TableView;
		};
/* End PBXContainerItemProxy section */

/* Begin PBXFileReference section */
		8443E1031A080980005E829D /* TableView.app */ = {isa = PBXFileReference; explicitFileType = wrapper.application; includeInIndex = 0; path = TableView.app; sourceTree = BUILT_PRODUCTS_DIR; };
		8443E1071A080980005E829D /* Info.plist */ = {isa = PBXFileReference; lastKnownFileType = text.plist.xml; path = Info.plist; sourceTree = "<group>"; };
		8443E1081A080980005E829D /* main.m */ = {isa = PBXFileReference; lastKnownFileType = sourcecode.c.objc; path = main.m; sourceTree = "<group>"; };
		8443E10A1A080980005E829D /* AppDelegate.h */ = {isa = PBXFileReference; lastKnownFileType = sourcecode.c.h; path = AppDelegate.h; sourceTree = "<group>"; };
		8443E10B1A080980005E829D /* AppDelegate.m */ = {isa = PBXFileReference; lastKnownFileType = sourcecode.c.objc; path = AppDelegate.m; sourceTree = "<group>"; };
		8443E10D1A080980005E829D /* TableViewController.h */ = {isa = PBXFileReference; lastKnownFileType = sourcecode.c.h; path = TableViewController.h; sourceTree = "<group>"; };
		8443E10E1A080980005E829D /* TableViewController.m */ = {isa = PBXFileReference; lastKnownFileType = sourcecode.c.objc; path = TableViewController.m; sourceTree = "<group>"; };
		8443E1111A080980005E829D /* Base */ = {isa = PBXFileReference; lastKnownFileType = file.storyboard; name = Base; path = Base.lproj/Main.storyboard; sourceTree = "<group>"; };
		8443E1131A080980005E829D /* Images.xcassets */ = {isa = PBXFileReference; lastKnownFileType = folder.assetcatalog; path = Images.xcassets; sourceTree = "<group>"; };
		8443E1161A080981005E829D /* Base */ = {isa = PBXFileReference; lastKnownFileType = file.xib; name = Base; path = Base.lproj/LaunchScreen.xib; sourceTree = "<group>"; };
		8443E11C1A080981005E829D /* TableViewTests.xctest */ = {isa = PBXFileReference; explicitFileType = wrapper.cfbundle; includeInIndex = 0; path = TableViewTests.xctest; sourceTree = BUILT_PRODUCTS_DIR; };
		8443E1211A080981005E829D /* Info.plist */ = {isa = PBXFileReference; lastKnownFileType = text.plist.xml; path = Info.plist; sourceTree = "<group>"; };
		8443E1221A080981005E829D /* TableViewTests.m */ = {isa = PBXFileReference; lastKnownFileType = sourcecode.c.objc; path = TableViewTests.m; sourceTree = "<group>"; };
		8443E1361A080E79005E829D /* asp.png */ = {isa = PBXFileReference; lastKnownFileType = image.png; path = asp.png; sourceTree = "<group>"; };
		8443E1371A080E79005E829D /* c#.png */ = {isa = PBXFileReference; lastKnownFileType = image.png; path = "c#.png"; sourceTree = "<group>"; };
		8443E1381A080E79005E829D /* cpp.png */ = {isa = PBXFileReference; lastKnownFileType = image.png; path = cpp.png; sourceTree = "<group>"; };
		8443E1391A080E79005E829D /* css.png */ = {isa = PBXFileReference; lastKnownFileType = image.png; path = css.png; sourceTree = "<group>"; };
		8443E13A1A080E79005E829D /* html.png */ = {isa = PBXFileReference; lastKnownFileType = image.png; path = html.png; sourceTree = "<group>"; };
		8443E13B1A080E79005E829D /* js.png */ = {isa = PBXFileReference; lastKnownFileType = image.png; path = js.png; sourceTree = "<group>"; };
		8443E13C1A080E79005E829D /* php.png */ = {isa = PBXFileReference; lastKnownFileType = image.png; path = php.png; sourceTree = "<group>"; };
		8443E1441A080E9A005E829D /* Item.h */ = {isa = PBXFileReference; fileEncoding = 4; lastKnownFileType = sourcecode.c.h; path = Item.h; sourceTree = "<group>"; };
		8443E1451A080E9A005E829D /* Item.m */ = {isa = PBXFileReference; fileEncoding = 4; lastKnownFileType = sourcecode.c.objc; path = Item.m; sourceTree = "<group>"; };
/* End PBXFileReference section */

/* Begin PBXFrameworksBuildPhase section */
		8443E1001A080980005E829D /* Frameworks */ = {
			isa = PBXFrameworksBuildPhase;
			buildActionMask = 2147483647;
			files = (
			);
			runOnlyForDeploymentPostprocessing = 0;
		};
		8443E1191A080981005E829D /* Frameworks */ = {
			isa = PBXFrameworksBuildPhase;
			buildActionMask = 2147483647;
			files = (
			);
			runOnlyForDeploymentPostprocessing = 0;
		};
/* End PBXFrameworksBuildPhase section */

/* Begin PBXGroup section */
		8443E0FA1A080980005E829D = {
			isa = PBXGroup;
			children = (
				8443E1051A080980005E829D /* TableView */,
				8443E11F1A080981005E829D /* TableViewTests */,
				8443E1041A080980005E829D /* Products */,
			);
			sourceTree = "<group>";
		};
		8443E1041A080980005E829D /* Products */ = {
			isa = PBXGroup;
			children = (
				8443E1031A080980005E829D /* TableView.app */,
				8443E11C1A080981005E829D /* TableViewTests.xctest */,
			);
			name = Products;
			sourceTree = "<group>";
		};
		8443E1051A080980005E829D /* TableView */ = {
			isa = PBXGroup;
			children = (
				8443E1351A080E79005E829D /* Images */,
				8443E10A1A080980005E829D /* AppDelegate.h */,
				8443E10B1A080980005E829D /* AppDelegate.m */,
				8443E1441A080E9A005E829D /* Item.h */,
				8443E1451A080E9A005E829D /* Item.m */,
				8443E10D1A080980005E829D /* TableViewController.h */,
				8443E10E1A080980005E829D /* TableViewController.m */,
				8443E1101A080980005E829D /* Main.storyboard */,
				8443E1131A080980005E829D /* Images.xcassets */,
				8443E1151A080981005E829D /* LaunchScreen.xib */,
				8443E1061A080980005E829D /* Supporting Files */,
			);
			path = TableView;
			sourceTree = "<group>";
		};
		8443E1061A080980005E829D /* Supporting Files */ = {
			isa = PBXGroup;
			children = (
				8443E1071A080980005E829D /* Info.plist */,
				8443E1081A080980005E829D /* main.m */,
			);
			name = "Supporting Files";
			sourceTree = "<group>";
		};
		8443E11F1A080981005E829D /* TableViewTests */ = {
			isa = PBXGroup;
			children = (
				8443E1221A080981005E829D /* TableViewTests.m */,
				8443E1201A080981005E829D /* Supporting Files */,
			);
			path = TableViewTests;
			sourceTree = "<group>";
		};
		8443E1201A080981005E829D /* Supporting Files */ = {
			isa = PBXGroup;
			children = (
				8443E1211A080981005E829D /* Info.plist */,
			);
			name = "Supporting Files";
			sourceTree = "<group>";
		};
		8443E1351A080E79005E829D /* Images */ = {
			isa = PBXGroup;
			children = (
				8443E1361A080E79005E829D /* asp.png */,
				8443E1371A080E79005E829D /* c#.png */,
				8443E1381A080E79005E829D /* cpp.png */,
				8443E1391A080E79005E829D /* css.png */,
				8443E13A1A080E79005E829D /* html.png */,
				8443E13B1A080E79005E829D /* js.png */,
				8443E13C1A080E79005E829D /* php.png */,
			);
			path = Images;
			sourceTree = "<group>";
		};
/* End PBXGroup section */

/* Begin PBXNativeTarget section */
		8443E1021A080980005E829D /* TableView */ = {
			isa = PBXNativeTarget;
			buildConfigurationList = 8443E1261A080981005E829D /* Build configuration list for PBXNativeTarget "TableView" */;
			buildPhases = (
				8443E0FF1A080980005E829D /* Sources */,
				8443E1001A080980005E829D /* Frameworks */,
				8443E1011A080980005E829D /* Resources */,
			);
			buildRules = (
			);
			dependencies = (
			);
			name = TableView;
			productName = TableView;
			productReference = 8443E1031A080980005E829D /* TableView.app */;
			productType = "com.apple.product-type.application";
		};
		8443E11B1A080981005E829D /* TableViewTests */ = {
			isa = PBXNativeTarget;
			buildConfigurationList = 8443E1291A080981005E829D /* Build configuration list for PBXNativeTarget "TableViewTests" */;
			buildPhases = (
				8443E1181A080981005E829D /* Sources */,
				8443E1191A080981005E829D /* Frameworks */,
				8443E11A1A080981005E829D /* Resources */,
			);
			buildRules = (
			);
			dependencies = (
				8443E11E1A080981005E829D /* PBXTargetDependency */,
			);
			name = TableViewTests;
			productName = TableViewTests;
			productReference = 8443E11C1A080981005E829D /* TableViewTests.xctest */;
			productType = "com.apple.product-type.bundle.unit-test";
		};
/* End PBXNativeTarget section */

/* Begin PBXProject section */
		8443E0FB1A080980005E829D /* Project object */ = {
			isa = PBXProject;
			attributes = {
				LastUpgradeCheck = 0610;
				ORGANIZATIONNAME = Admin;
				TargetAttributes = {
					8443E1021A080980005E829D = {
						CreatedOnToolsVersion = 6.1;
					};
					8443E11B1A080981005E829D = {
						CreatedOnToolsVersion = 6.1;
						TestTargetID = 8443E1021A080980005E829D;
					};
				};
			};
			buildConfigurationList = 8443E0FE1A080980005E829D /* Build configuration list for PBXProject "TableView" */;
			compatibilityVersion = "Xcode 3.2";
			developmentRegion = English;
			hasScannedForEncodings = 0;
			knownRegions = (
				en,
				Base,
			);
			mainGroup = 8443E0FA1A080980005E829D;
			productRefGroup = 8443E1041A080980005E829D /* Products */;
			projectDirPath = "";
			projectRoot = "";
			targets = (
				8443E1021A080980005E829D /* TableView */,
				8443E11B1A080981005E829D /* TableViewTests */,
			);
		};
/* End PBXProject section */

/* Begin PBXResourcesBuildPhase section */
		8443E1011A080980005E829D /* Resources */ = {
			isa = PBXResourcesBuildPhase;
			buildActionMask = 2147483647;
			files = (
				8443E1411A080E79005E829D /* html.png in Resources */,
				8443E1401A080E79005E829D /* css.png in Resources */,
				8443E13E1A080E79005E829D /* c#.png in Resources */,
				8443E1121A080980005E829D /* Main.storyboard in Resources */,
				8443E1421A080E79005E829D /* js.png in Resources */,
				8443E1171A080981005E829D /* LaunchScreen.xib in Resources */,
				8443E13F1A080E79005E829D /* cpp.png in Resources */,
				8443E13D1A080E79005E829D /* asp.png in Resources */,
				8443E1431A080E79005E829D /* php.png in Resources */,
				8443E1141A080980005E829D /* Images.xcassets in Resources */,
			);
			runOnlyForDeploymentPostprocessing = 0;
		};
		8443E11A1A080981005E829D /* Resources */ = {
			isa = PBXResourcesBuildPhase;
			buildActionMask = 2147483647;
			files = (
			);
			runOnlyForDeploymentPostprocessing = 0;
		};
/* End PBXResourcesBuildPhase section */

/* Begin PBXSourcesBuildPhase section */
		8443E0FF1A080980005E829D /* Sources */ = {
			isa = PBXSourcesBuildPhase;
			buildActionMask = 2147483647;
			files = (
				8443E1461A080E9A005E829D /* Item.m in Sources */,
				8443E10F1A080980005E829D /* TableViewController.m in Sources */,
				8443E10C1A080980005E829D /* AppDelegate.m in Sources */,
				8443E1091A080980005E829D /* main.m in Sources */,
			);
			runOnlyForDeploymentPostprocessing = 0;
		};
		8443E1181A080981005E829D /* Sources */ = {
			isa = PBXSourcesBuildPhase;
			buildActionMask = 2147483647;
			files = (
				8443E1231A080981005E829D /* TableViewTests.m in Sources */,
			);
			runOnlyForDeploymentPostprocessing = 0;
		};
/* End PBXSourcesBuildPhase section */

/* Begin PBXTargetDependency section */
		8443E11E1A080981005E829D /* PBXTargetDependency */ = {
			isa = PBXTargetDependency;
			target = 8443E1021A080980005E829D /* TableView */;
			targetProxy = 8443E11D1A080981005E829D /* PBXContainerItemProxy */;
		};
/* End PBXTargetDependency section */

/* Begin PBXVariantGroup section */
		8443E1101A080980005E829D /* Main.storyboard */ = {
			isa = PBXVariantGroup;
			children = (
				8443E1111A080980005E829D /* Base */,
			);
			name = Main.storyboard;
			sourceTree = "<group>";
		};
		8443E1151A080981005E829D /* LaunchScreen.xib */ = {
			isa = PBXVariantGroup;
			children = (
				8443E1161A080981005E829D /* Base */,
			);
			name = LaunchScreen.xib;
			sourceTree = "<group>";
		};
/* End PBXVariantGroup section */

/* Begin XCBuildConfiguration section */
		8443E1241A080981005E829D /* Debug */ = {
			isa = XCBuildConfiguration;
			buildSettings = {
				ALWAYS_SEARCH_USER_PATHS = NO;
				CLANG_CXX_LANGUAGE_STANDARD = "gnu++0x";
				CLANG_CXX_LIBRARY = "libc++";
				CLANG_ENABLE_MODULES = YES;
				CLANG_ENABLE_OBJC_ARC = YES;
				CLANG_WARN_BOOL_CONVERSION = YES;
				CLANG_WARN_CONSTANT_CONVERSION = YES;
				CLANG_WARN_DIRECT_OBJC_ISA_USAGE = YES_ERROR;
				CLANG_WARN_EMPTY_BODY = YES;
				CLANG_WARN_ENUM_CONVERSION = YES;
				CLANG_WARN_INT_CONVERSION = YES;
				CLANG_WARN_OBJC_ROOT_CLASS = YES_ERROR;
				CLANG_WARN_UNREACHABLE_CODE = YES;
				CLANG_WARN__DUPLICATE_METHOD_MATCH = YES;
				"CODE_SIGN_IDENTITY[sdk=iphoneos*]" = "iPhone Developer";
				COPY_PHASE_STRIP = NO;
				ENABLE_STRICT_OBJC_MSGSEND = YES;
				GCC_C_LANGUAGE_STANDARD = gnu99;
				GCC_DYNAMIC_NO_PIC = NO;
				GCC_OPTIMIZATION_LEVEL = 0;
				GCC_PREPROCESSOR_DEFINITIONS = (
					"DEBUG=1",
					"$(inherited)",
				);
				GCC_SYMBOLS_PRIVATE_EXTERN = NO;
				GCC_WARN_64_TO_32_BIT_CONVERSION = YES;
				GCC_WARN_ABOUT_RETURN_TYPE = YES_ERROR;
				GCC_WARN_UNDECLARED_SELECTOR = YES;
				GCC_WARN_UNINITIALIZED_AUTOS = YES_AGGRESSIVE;
				GCC_WARN_UNUSED_FUNCTION = YES;
				GCC_WARN_UNUSED_VARIABLE = YES;
				IPHONEOS_DEPLOYMENT_TARGET = 8.1;
				MTL_ENABLE_DEBUG_INFO = YES;
				ONLY_ACTIVE_ARCH = YES;
				SDKROOT = iphoneos;
				TARGETED_DEVICE_FAMILY = "1,2";
			};
			name = Debug;
		};
		8443E1251A080981005E829D /* Release */ = {
			isa = XCBuildConfiguration;
			buildSettings = {
				ALWAYS_SEARCH_USER_PATHS = NO;
				CLANG_CXX_LANGUAGE_STANDARD = "gnu++0x";
				CLANG_CXX_LIBRARY = "libc++";
				CLANG_ENABLE_MODULES = YES;
				CLANG_ENABLE_OBJC_ARC = YES;
				CLANG_WARN_BOOL_CONVERSION = YES;
				CLANG_WARN_CONSTANT_CONVERSION = YES;
				CLANG_WARN_DIRECT_OBJC_ISA_USAGE = YES_ERROR;
				CLANG_WARN_EMPTY_BODY = YES;
				CLANG_WARN_ENUM_CONVERSION = YES;
				CLANG_WARN_INT_CONVERSION = YES;
				CLANG_WARN_OBJC_ROOT_CLASS = YES_ERROR;
				CLANG_WARN_UNREACHABLE_CODE = YES;
				CLANG_WARN__DUPLICATE_METHOD_MATCH = YES;
				"CODE_SIGN_IDENTITY[sdk=iphoneos*]" = "iPhone Developer";
				COPY_PHASE_STRIP = YES;
				ENABLE_NS_ASSERTIONS = NO;
				ENABLE_STRICT_OBJC_MSGSEND = YES;
				GCC_C_LANGUAGE_STANDARD = gnu99;
				GCC_WARN_64_TO_32_BIT_CONVERSION = YES;
				GCC_WARN_ABOUT_RETURN_TYPE = YES_ERROR;
				GCC_WARN_UNDECLARED_SELECTOR = YES;
				GCC_WARN_UNINITIALIZED_AUTOS = YES_AGGRESSIVE;
				GCC_WARN_UNUSED_FUNCTION = YES;
				GCC_WARN_UNUSED_VARIABLE = YES;
				IPHONEOS_DEPLOYMENT_TARGET = 8.1;
				MTL_ENABLE_DEBUG_INFO = NO;
				SDKROOT = iphoneos;
				TARGETED_DEVICE_FAMILY = "1,2";
				VALIDATE_PRODUCT = YES;
			};
			name = Release;
		};
		8443E1271A080981005E829D /* Debug */ = {
			isa = XCBuildConfiguration;
			buildSettings = {
				ASSETCATALOG_COMPILER_APPICON_NAME = AppIcon;
				INFOPLIST_FILE = TableView/Info.plist;
				LD_RUNPATH_SEARCH_PATHS = "$(inherited) @executable_path/Frameworks";
				PRODUCT_NAME = "$(TARGET_NAME)";
			};
			name = Debug;
		};
		8443E1281A080981005E829D /* Release */ = {
			isa = XCBuildConfiguration;
			buildSettings = {
				ASSETCATALOG_COMPILER_APPICON_NAME = AppIcon;
				INFOPLIST_FILE = TableView/Info.plist;
				LD_RUNPATH_SEARCH_PATHS = "$(inherited) @executable_path/Frameworks";
				PRODUCT_NAME = "$(TARGET_NAME)";
			};
			name = Release;
		};
		8443E12A1A080981005E829D /* Debug */ = {
			isa = XCBuildConfiguration;
			buildSettings = {
				BUNDLE_LOADER = "$(TEST_HOST)";
				FRAMEWORK_SEARCH_PATHS = (
					"$(SDKROOT)/Developer/Library/Frameworks",
					"$(inherited)",
				);
				GCC_PREPROCESSOR_DEFINITIONS = (
					"DEBUG=1",
					"$(inherited)",
				);
				INFOPLIST_FILE = TableViewTests/Info.plist;
				LD_RUNPATH_SEARCH_PATHS = "$(inherited) @executable_path/Frameworks @loader_path/Frameworks";
				PRODUCT_NAME = "$(TARGET_NAME)";
				TEST_HOST = "$(BUILT_PRODUCTS_DIR)/TableView.app/TableView";
			};
			name = Debug;
		};
		8443E12B1A080981005E829D /* Release */ = {
			isa = XCBuildConfiguration;
			buildSettings = {
				BUNDLE_LOADER = "$(TEST_HOST)";
				FRAMEWORK_SEARCH_PATHS = (
					"$(SDKROOT)/Developer/Library/Frameworks",
					"$(inherited)",
				);
				INFOPLIST_FILE = TableViewTests/Info.plist;
				LD_RUNPATH_SEARCH_PATHS = "$(inherited) @executable_path/Frameworks @loader_path/Frameworks";
				PRODUCT_NAME = "$(TARGET_NAME)";
				TEST_HOST = "$(BUILT_PRODUCTS_DIR)/TableView.app/TableView";
			};
			name = Release;
		};
/* End XCBuildConfiguration section */

/* Begin XCConfigurationList section */
		8443E0FE1A080980005E829D /* Build configuration list for PBXProject "TableView" */ = {
			isa = XCConfigurationList;
			buildConfigurations = (
				8443E1241A080981005E829D /* Debug */,
				8443E1251A080981005E829D /* Release */,
			);
			defaultConfigurationIsVisible = 0;
			defaultConfigurationName = Release;
		};
		8443E1261A080981005E829D /* Build configuration list for PBXNativeTarget "TableView" */ = {
			isa = XCConfigurationList;
			buildConfigurations = (
				8443E1271A080981005E829D /* Debug */,
				8443E1281A080981005E829D /* Release */,
			);
			defaultConfigurationIsVisible = 0;
		};
		8443E1291A080981005E829D /* Build configuration list for PBXNativeTarget "TableViewTests" */ = {
			isa = XCConfigurationList;
			buildConfigurations = (
				8443E12A1A080981005E829D /* Debug */,
				8443E12B1A080981005E829D /* Release */,
			);
			defaultConfigurationIsVisible = 0;
		};
/* End XCConfigurationList section */
	};
	rootObject = 8443E0FB1A080980005E829D /* Project object */;
}
