// !$*UTF8*$!
{
	archiveVersion = 1;
	classes = {
	};
	objectVersion = 46;
	objects = {

/* Begin PBXBuildFile section */
		8443E1561A081B56005E829D /* main.m in Sources */ = {isa = PBXBuildFile; fileRef = 8443E1551A081B56005E829D /* main.m */; };
		8443E1591A081B56005E829D /* AppDelegate.m in Sources */ = {isa = PBXBuildFile; fileRef = 8443E1581A081B56005E829D /* AppDelegate.m */; };
		8443E15C1A081B56005E829D /* FirstViewController.m in Sources */ = {isa = PBXBuildFile; fileRef = 8443E15B1A081B56005E829D /* FirstViewController.m */; };
		8443E15F1A081B56005E829D /* SecondViewController.m in Sources */ = {isa = PBXBuildFile; fileRef = 8443E15E1A081B56005E829D /* SecondViewController.m */; };
		8443E1621A081B56005E829D /* Main.storyboard in Resources */ = {isa = PBXBuildFile; fileRef = 8443E1601A081B56005E829D /* Main.storyboard */; };
		8443E1641A081B56005E829D /* Images.xcassets in Resources */ = {isa = PBXBuildFile; fileRef = 8443E1631A081B56005E829D /* Images.xcassets */; };
		8443E1671A081B56005E829D /* LaunchScreen.xib in Resources */ = {isa = PBXBuildFile; fileRef = 8443E1651A081B56005E829D /* LaunchScreen.xib */; };
		8443E1731A081B57005E829D /* CustomTabsTests.m in Sources */ = {isa = PBXBuildFile; fileRef = 8443E1721A081B57005E829D /* CustomTabsTests.m */; };
/* End PBXBuildFile section */

/* Begin PBXContainerItemProxy section */
		8443E16D1A081B57005E829D /* PBXContainerItemProxy */ = {
			isa = PBXContainerItemProxy;
			containerPortal = 8443E1481A081B56005E829D /* Project object */;
			proxyType = 1;
			remoteGlobalIDString = 8443E14F1A081B56005E829D;
			remoteInfo = CustomTabs;
		};
/* End PBXContainerItemProxy section */

/* Begin PBXFileReference section */
		8443E1501A081B56005E829D /* CustomTabs.app */ = {isa = PBXFileReference; explicitFileType = wrapper.application; includeInIndex = 0; path = CustomTabs.app; sourceTree = BUILT_PRODUCTS_DIR; };
		8443E1541A081B56005E829D /* Info.plist */ = {isa = PBXFileReference; lastKnownFileType = text.plist.xml; path = Info.plist; sourceTree = "<group>"; };
		8443E1551A081B56005E829D /* main.m */ = {isa = PBXFileReference; lastKnownFileType = sourcecode.c.objc; path = main.m; sourceTree = "<group>"; };
		8443E1571A081B56005E829D /* AppDelegate.h */ = {isa = PBXFileReference; lastKnownFileType = sourcecode.c.h; path = AppDelegate.h; sourceTree = "<group>"; };
		8443E1581A081B56005E829D /* AppDelegate.m */ = {isa = PBXFileReference; lastKnownFileType = sourcecode.c.objc; path = AppDelegate.m; sourceTree = "<group>"; };
		8443E15A1A081B56005E829D /* FirstViewController.h */ = {isa = PBXFileReference; lastKnownFileType = sourcecode.c.h; path = FirstViewController.h; sourceTree = "<group>"; };
		8443E15B1A081B56005E829D /* FirstViewController.m */ = {isa = PBXFileReference; lastKnownFileType = sourcecode.c.objc; path = FirstViewController.m; sourceTree = "<group>"; };
		8443E15D1A081B56005E829D /* SecondViewController.h */ = {isa = PBXFileReference; lastKnownFileType = sourcecode.c.h; path = SecondViewController.h; sourceTree = "<group>"; };
		8443E15E1A081B56005E829D /* SecondViewController.m */ = {isa = PBXFileReference; lastKnownFileType = sourcecode.c.objc; path = SecondViewController.m; sourceTree = "<group>"; };
		8443E1611A081B56005E829D /* Base */ = {isa = PBXFileReference; lastKnownFileType = file.storyboard; name = Base; path = Base.lproj/Main.storyboard; sourceTree = "<group>"; };
		8443E1631A081B56005E829D /* Images.xcassets */ = {isa = PBXFileReference; lastKnownFileType = folder.assetcatalog; path = Images.xcassets; sourceTree = "<group>"; };
		8443E1661A081B56005E829D /* Base */ = {isa = PBXFileReference; lastKnownFileType = file.xib; name = Base; path = Base.lproj/LaunchScreen.xib; sourceTree = "<group>"; };
		8443E16C1A081B57005E829D /* CustomTabsTests.xctest */ = {isa = PBXFileReference; explicitFileType = wrapper.cfbundle; includeInIndex = 0; path = CustomTabsTests.xctest; sourceTree = BUILT_PRODUCTS_DIR; };
		8443E1711A081B57005E829D /* Info.plist */ = {isa = PBXFileReference; lastKnownFileType = text.plist.xml; path = Info.plist; sourceTree = "<group>"; };
		8443E1721A081B57005E829D /* CustomTabsTests.m */ = {isa = PBXFileReference; lastKnownFileType = sourcecode.c.objc; path = CustomTabsTests.m; sourceTree = "<group>"; };
/* End PBXFileReference section */

/* Begin PBXFrameworksBuildPhase section */
		8443E14D1A081B56005E829D /* Frameworks */ = {
			isa = PBXFrameworksBuildPhase;
			buildActionMask = 2147483647;
			files = (
			);
			runOnlyForDeploymentPostprocessing = 0;
		};
		8443E1691A081B57005E829D /* Frameworks */ = {
			isa = PBXFrameworksBuildPhase;
			buildActionMask = 2147483647;
			files = (
			);
			runOnlyForDeploymentPostprocessing = 0;
		};
/* End PBXFrameworksBuildPhase section */

/* Begin PBXGroup section */
		8443E1471A081B56005E829D = {
			isa = PBXGroup;
			children = (
				8443E1521A081B56005E829D /* CustomTabs */,
				8443E16F1A081B57005E829D /* CustomTabsTests */,
				8443E1511A081B56005E829D /* Products */,
			);
			sourceTree = "<group>";
		};
		8443E1511A081B56005E829D /* Products */ = {
			isa = PBXGroup;
			children = (
				8443E1501A081B56005E829D /* CustomTabs.app */,
				8443E16C1A081B57005E829D /* CustomTabsTests.xctest */,
			);
			name = Products;
			sourceTree = "<group>";
		};
		8443E1521A081B56005E829D /* CustomTabs */ = {
			isa = PBXGroup;
			children = (
				8443E1571A081B56005E829D /* AppDelegate.h */,
				8443E1581A081B56005E829D /* AppDelegate.m */,
				8443E15A1A081B56005E829D /* FirstViewController.h */,
				8443E15B1A081B56005E829D /* FirstViewController.m */,
				8443E15D1A081B56005E829D /* SecondViewController.h */,
				8443E15E1A081B56005E829D /* SecondViewController.m */,
				8443E1601A081B56005E829D /* Main.storyboard */,
				8443E1631A081B56005E829D /* Images.xcassets */,
				8443E1651A081B56005E829D /* LaunchScreen.xib */,
				8443E1531A081B56005E829D /* Supporting Files */,
			);
			path = CustomTabs;
			sourceTree = "<group>";
		};
		8443E1531A081B56005E829D /* Supporting Files */ = {
			isa = PBXGroup;
			children = (
				8443E1541A081B56005E829D /* Info.plist */,
				8443E1551A081B56005E829D /* main.m */,
			);
			name = "Supporting Files";
			sourceTree = "<group>";
		};
		8443E16F1A081B57005E829D /* CustomTabsTests */ = {
			isa = PBXGroup;
			children = (
				8443E1721A081B57005E829D /* CustomTabsTests.m */,
				8443E1701A081B57005E829D /* Supporting Files */,
			);
			path = CustomTabsTests;
			sourceTree = "<group>";
		};
		8443E1701A081B57005E829D /* Supporting Files */ = {
			isa = PBXGroup;
			children = (
				8443E1711A081B57005E829D /* Info.plist */,
			);
			name = "Supporting Files";
			sourceTree = "<group>";
		};
/* End PBXGroup section */

/* Begin PBXNativeTarget section */
		8443E14F1A081B56005E829D /* CustomTabs */ = {
			isa = PBXNativeTarget;
			buildConfigurationList = 8443E1761A081B57005E829D /* Build configuration list for PBXNativeTarget "CustomTabs" */;
			buildPhases = (
				8443E14C1A081B56005E829D /* Sources */,
				8443E14D1A081B56005E829D /* Frameworks */,
				8443E14E1A081B56005E829D /* Resources */,
			);
			buildRules = (
			);
			dependencies = (
			);
			name = CustomTabs;
			productName = CustomTabs;
			productReference = 8443E1501A081B56005E829D /* CustomTabs.app */;
			productType = "com.apple.product-type.application";
		};
		8443E16B1A081B57005E829D /* CustomTabsTests */ = {
			isa = PBXNativeTarget;
			buildConfigurationList = 8443E1791A081B57005E829D /* Build configuration list for PBXNativeTarget "CustomTabsTests" */;
			buildPhases = (
				8443E1681A081B57005E829D /* Sources */,
				8443E1691A081B57005E829D /* Frameworks */,
				8443E16A1A081B57005E829D /* Resources */,
			);
			buildRules = (
			);
			dependencies = (
				8443E16E1A081B57005E829D /* PBXTargetDependency */,
			);
			name = CustomTabsTests;
			productName = CustomTabsTests;
			productReference = 8443E16C1A081B57005E829D /* CustomTabsTests.xctest */;
			productType = "com.apple.product-type.bundle.unit-test";
		};
/* End PBXNativeTarget section */

/* Begin PBXProject section */
		8443E1481A081B56005E829D /* Project object */ = {
			isa = PBXProject;
			attributes = {
				LastUpgradeCheck = 0610;
				ORGANIZATIONNAME = Admin;
				TargetAttributes = {
					8443E14F1A081B56005E829D = {
						CreatedOnToolsVersion = 6.1;
					};
					8443E16B1A081B57005E829D = {
						CreatedOnToolsVersion = 6.1;
						TestTargetID = 8443E14F1A081B56005E829D;
					};
				};
			};
			buildConfigurationList = 8443E14B1A081B56005E829D /* Build configuration list for PBXProject "CustomTabs" */;
			compatibilityVersion = "Xcode 3.2";
			developmentRegion = English;
			hasScannedForEncodings = 0;
			knownRegions = (
				en,
				Base,
			);
			mainGroup = 8443E1471A081B56005E829D;
			productRefGroup = 8443E1511A081B56005E829D /* Products */;
			projectDirPath = "";
			projectRoot = "";
			targets = (
				8443E14F1A081B56005E829D /* CustomTabs */,
				8443E16B1A081B57005E829D /* CustomTabsTests */,
			);
		};
/* End PBXProject section */

/* Begin PBXResourcesBuildPhase section */
		8443E14E1A081B56005E829D /* Resources */ = {
			isa = PBXResourcesBuildPhase;
			buildActionMask = 2147483647;
			files = (
				8443E1621A081B56005E829D /* Main.storyboard in Resources */,
				8443E1671A081B56005E829D /* LaunchScreen.xib in Resources */,
				8443E1641A081B56005E829D /* Images.xcassets in Resources */,
			);
			runOnlyForDeploymentPostprocessing = 0;
		};
		8443E16A1A081B57005E829D /* Resources */ = {
			isa = PBXResourcesBuildPhase;
			buildActionMask = 2147483647;
			files = (
			);
			runOnlyForDeploymentPostprocessing = 0;
		};
/* End PBXResourcesBuildPhase section */

/* Begin PBXSourcesBuildPhase section */
		8443E14C1A081B56005E829D /* Sources */ = {
			isa = PBXSourcesBuildPhase;
			buildActionMask = 2147483647;
			files = (
				8443E15F1A081B56005E829D /* SecondViewController.m in Sources */,
				8443E1591A081B56005E829D /* AppDelegate.m in Sources */,
				8443E15C1A081B56005E829D /* FirstViewController.m in Sources */,
				8443E1561A081B56005E829D /* main.m in Sources */,
			);
			runOnlyForDeploymentPostprocessing = 0;
		};
		8443E1681A081B57005E829D /* Sources */ = {
			isa = PBXSourcesBuildPhase;
			buildActionMask = 2147483647;
			files = (
				8443E1731A081B57005E829D /* CustomTabsTests.m in Sources */,
			);
			runOnlyForDeploymentPostprocessing = 0;
		};
/* End PBXSourcesBuildPhase section */

/* Begin PBXTargetDependency section */
		8443E16E1A081B57005E829D /* PBXTargetDependency */ = {
			isa = PBXTargetDependency;
			target = 8443E14F1A081B56005E829D /* CustomTabs */;
			targetProxy = 8443E16D1A081B57005E829D /* PBXContainerItemProxy */;
		};
/* End PBXTargetDependency section */

/* Begin PBXVariantGroup section */
		8443E1601A081B56005E829D /* Main.storyboard */ = {
			isa = PBXVariantGroup;
			children = (
				8443E1611A081B56005E829D /* Base */,
			);
			name = Main.storyboard;
			sourceTree = "<group>";
		};
		8443E1651A081B56005E829D /* LaunchScreen.xib */ = {
			isa = PBXVariantGroup;
			children = (
				8443E1661A081B56005E829D /* Base */,
			);
			name = LaunchScreen.xib;
			sourceTree = "<group>";
		};
/* End PBXVariantGroup section */

/* Begin XCBuildConfiguration section */
		8443E1741A081B57005E829D /* Debug */ = {
			isa = XCBuildConfiguration;
			buildSettings = {
				ALWAYS_SEARCH_USER_PATHS = NO;
				CLANG_CXX_LANGUAGE_STANDARD = "gnu++0x";
				CLANG_CXX_LIBRARY = "libc++";
				CLANG_ENABLE_MODULES = YES;
				CLANG_ENABLE_OBJC_ARC = YES;
				CLANG_WARN_BOOL_CONVERSION = YES;
				CLANG_WARN_CONSTANT_CONVERSION = YES;
				CLANG_WARN_DIRECT_OBJC_ISA_USAGE = YES_ERROR;
				CLANG_WARN_EMPTY_BODY = YES;
				CLANG_WARN_ENUM_CONVERSION = YES;
				CLANG_WARN_INT_CONVERSION = YES;
				CLANG_WARN_OBJC_ROOT_CLASS = YES_ERROR;
				CLANG_WARN_UNREACHABLE_CODE = YES;
				CLANG_WARN__DUPLICATE_METHOD_MATCH = YES;
				"CODE_SIGN_IDENTITY[sdk=iphoneos*]" = "iPhone Developer";
				COPY_PHASE_STRIP = NO;
				ENABLE_STRICT_OBJC_MSGSEND = YES;
				GCC_C_LANGUAGE_STANDARD = gnu99;
				GCC_DYNAMIC_NO_PIC = NO;
				GCC_OPTIMIZATION_LEVEL = 0;
				GCC_PREPROCESSOR_DEFINITIONS = (
					"DEBUG=1",
					"$(inherited)",
				);
				GCC_SYMBOLS_PRIVATE_EXTERN = NO;
				GCC_WARN_64_TO_32_BIT_CONVERSION = YES;
				GCC_WARN_ABOUT_RETURN_TYPE = YES_ERROR;
				GCC_WARN_UNDECLARED_SELECTOR = YES;
				GCC_WARN_UNINITIALIZED_AUTOS = YES_AGGRESSIVE;
				GCC_WARN_UNUSED_FUNCTION = YES;
				GCC_WARN_UNUSED_VARIABLE = YES;
				IPHONEOS_DEPLOYMENT_TARGET = 8.1;
				MTL_ENABLE_DEBUG_INFO = YES;
				ONLY_ACTIVE_ARCH = YES;
				SDKROOT = iphoneos;
				TARGETED_DEVICE_FAMILY = "1,2";
			};
			name = Debug;
		};
		8443E1751A081B57005E829D /* Release */ = {
			isa = XCBuildConfiguration;
			buildSettings = {
				ALWAYS_SEARCH_USER_PATHS = NO;
				CLANG_CXX_LANGUAGE_STANDARD = "gnu++0x";
				CLANG_CXX_LIBRARY = "libc++";
				CLANG_ENABLE_MODULES = YES;
				CLANG_ENABLE_OBJC_ARC = YES;
				CLANG_WARN_BOOL_CONVERSION = YES;
				CLANG_WARN_CONSTANT_CONVERSION = YES;
				CLANG_WARN_DIRECT_OBJC_ISA_USAGE = YES_ERROR;
				CLANG_WARN_EMPTY_BODY = YES;
				CLANG_WARN_ENUM_CONVERSION = YES;
				CLANG_WARN_INT_CONVERSION = YES;
				CLANG_WARN_OBJC_ROOT_CLASS = YES_ERROR;
				CLANG_WARN_UNREACHABLE_CODE = YES;
				CLANG_WARN__DUPLICATE_METHOD_MATCH = YES;
				"CODE_SIGN_IDENTITY[sdk=iphoneos*]" = "iPhone Developer";
				COPY_PHASE_STRIP = YES;
				ENABLE_NS_ASSERTIONS = NO;
				ENABLE_STRICT_OBJC_MSGSEND = YES;
				GCC_C_LANGUAGE_STANDARD = gnu99;
				GCC_WARN_64_TO_32_BIT_CONVERSION = YES;
				GCC_WARN_ABOUT_RETURN_TYPE = YES_ERROR;
				GCC_WARN_UNDECLARED_SELECTOR = YES;
				GCC_WARN_UNINITIALIZED_AUTOS = YES_AGGRESSIVE;
				GCC_WARN_UNUSED_FUNCTION = YES;
				GCC_WARN_UNUSED_VARIABLE = YES;
				IPHONEOS_DEPLOYMENT_TARGET = 8.1;
				MTL_ENABLE_DEBUG_INFO = NO;
				SDKROOT = iphoneos;
				TARGETED_DEVICE_FAMILY = "1,2";
				VALIDATE_PRODUCT = YES;
			};
			name = Release;
		};
		8443E1771A081B57005E829D /* Debug */ = {
			isa = XCBuildConfiguration;
			buildSettings = {
				ASSETCATALOG_COMPILER_APPICON_NAME = AppIcon;
				INFOPLIST_FILE = CustomTabs/Info.plist;
				LD_RUNPATH_SEARCH_PATHS = "$(inherited) @executable_path/Frameworks";
				PRODUCT_NAME = "$(TARGET_NAME)";
			};
			name = Debug;
		};
		8443E1781A081B57005E829D /* Release */ = {
			isa = XCBuildConfiguration;
			buildSettings = {
				ASSETCATALOG_COMPILER_APPICON_NAME = AppIcon;
				INFOPLIST_FILE = CustomTabs/Info.plist;
				LD_RUNPATH_SEARCH_PATHS = "$(inherited) @executable_path/Frameworks";
				PRODUCT_NAME = "$(TARGET_NAME)";
			};
			name = Release;
		};
		8443E17A1A081B57005E829D /* Debug */ = {
			isa = XCBuildConfiguration;
			buildSettings = {
				BUNDLE_LOADER = "$(TEST_HOST)";
				FRAMEWORK_SEARCH_PATHS = (
					"$(SDKROOT)/Developer/Library/Frameworks",
					"$(inherited)",
				);
				GCC_PREPROCESSOR_DEFINITIONS = (
					"DEBUG=1",
					"$(inherited)",
				);
				INFOPLIST_FILE = CustomTabsTests/Info.plist;
				LD_RUNPATH_SEARCH_PATHS = "$(inherited) @executable_path/Frameworks @loader_path/Frameworks";
				PRODUCT_NAME = "$(TARGET_NAME)";
				TEST_HOST = "$(BUILT_PRODUCTS_DIR)/CustomTabs.app/CustomTabs";
			};
			name = Debug;
		};
		8443E17B1A081B57005E829D /* Release */ = {
			isa = XCBuildConfiguration;
			buildSettings = {
				BUNDLE_LOADER = "$(TEST_HOST)";
				FRAMEWORK_SEARCH_PATHS = (
					"$(SDKROOT)/Developer/Library/Frameworks",
					"$(inherited)",
				);
				INFOPLIST_FILE = CustomTabsTests/Info.plist;
				LD_RUNPATH_SEARCH_PATHS = "$(inherited) @executable_path/Frameworks @loader_path/Frameworks";
				PRODUCT_NAME = "$(TARGET_NAME)";
				TEST_HOST = "$(BUILT_PRODUCTS_DIR)/CustomTabs.app/CustomTabs";
			};
			name = Release;
		};
/* End XCBuildConfiguration section */

/* Begin XCConfigurationList section */
		8443E14B1A081B56005E829D /* Build configuration list for PBXProject "CustomTabs" */ = {
			isa = XCConfigurationList;
			buildConfigurations = (
				8443E1741A081B57005E829D /* Debug */,
				8443E1751A081B57005E829D /* Release */,
			);
			defaultConfigurationIsVisible = 0;
			defaultConfigurationName = Release;
		};
		8443E1761A081B57005E829D /* Build configuration list for PBXNativeTarget "CustomTabs" */ = {
			isa = XCConfigurationList;
			buildConfigurations = (
				8443E1771A081B57005E829D /* Debug */,
				8443E1781A081B57005E829D /* Release */,
			);
			defaultConfigurationIsVisible = 0;
		};
		8443E1791A081B57005E829D /* Build configuration list for PBXNativeTarget "CustomTabsTests" */ = {
			isa = XCConfigurationList;
			buildConfigurations = (
				8443E17A1A081B57005E829D /* Debug */,
				8443E17B1A081B57005E829D /* Release */,
			);
			defaultConfigurationIsVisible = 0;
		};
/* End XCConfigurationList section */
	};
	rootObject = 8443E1481A081B56005E829D /* Project object */;
}
